
Microsoft Visual Studio Solution File, Format Version 12.00
# Visual Studio Version 16
VisualStudioVersion = 16.0.31729.503
MinimumVisualStudioVersion = 10.0.40219.1
Project("{8BC9CEB8-8B4A-11D0-8D11-00A0C91BC942}") = "Chapter08", "Chapter08.vcxproj", "{360D2420-C862-4719-97F7-9BF8D487364A}"
EndProject
Global
	GlobalSection(SolutionConfigurationPlatforms) = preSolution
		Debug|x64 = Debug|x64
		Debug|x86 = Debug|x86
		Release|x64 = Release|x64
		Release|x86 = Release|x86
	EndGlobalSection
	GlobalSection(ProjectConfigurationPlatforms) = postSolution
		{360D2420-C862-4719-97F7-9BF8D487364A}.Debug|x64.ActiveCfg = Debug|x64
		{360D2420-C862-4719-97F7-9BF8D487364A}.Debug|x64.Build.0 = Debug|x64
		{360D2420-C862-4719-97F7-9BF8D487364A}.Debug|x86.ActiveCfg = Debug|Win32
		{360D2420-C862-4719-97F7-9BF8D487364A}.Debug|x86.Build.0 = Debug|Win32
		{360D2420-C862-4719-97F7-9BF8D487364A}.Release|x64.ActiveCfg = Release|x64
		{360D2420-C862-4719-97F7-9BF8D487364A}.Release|x64.Build.0 = Release|x64
		{360D2420-C862-4719-97F7-9BF8D487364A}.Release|x86.ActiveCfg = Release|Win32
		{360D2420-C862-4719-97F7-9BF8D487364A}.Release|x86.Build.0 = Release|Win32
	EndGlobalSection
	GlobalSection(SolutionProperties) = preSolution
		HideSolutionNode = FALSE
	EndGlobalSection
	GlobalSection(ExtensibilityGlobals) = postSolution
		SolutionGuid = {21FAEA9B-6867-4E14-A8D3-5A3527EBFFAB}
	EndGlobalSection
EndGlobal
