<?xml version="1.0" encoding="utf-8"?>
<Project ToolsVersion="4.0" xmlns="http://schemas.microsoft.com/developer/msbuild/2003">
  <ItemGroup>
    <Filter Include="Source Files">
      <UniqueIdentifier>{4FC737F1-C7A5-4376-A066-2A32D752A2FF}</UniqueIdentifier>
      <Extensions>cpp;c;cc;cxx;c++;cppm;ixx;def;odl;idl;hpj;bat;asm;asmx</Extensions>
    </Filter>
    <Filter Include="Header Files">
      <UniqueIdentifier>{93995380-89BD-4b04-88EB-625FBE52EBFB}</UniqueIdentifier>
      <Extensions>h;hh;hpp;hxx;h++;hm;inl;inc;ipp;xsd</Extensions>
    </Filter>
    <Filter Include="Resource Files">
      <UniqueIdentifier>{67DA6AB6-F800-4c08-8B7A-83BB121AAD01}</UniqueIdentifier>
      <Extensions>rc;ico;cur;bmp;dlg;rc2;rct;bin;rgs;gif;jpg;jpeg;jpe;resx;tiff;tif;png;wav;mfcribbon-ms</Extensions>
    </Filter>
  </ItemGroup>
  <ItemGroup>
    <ClCompile Include="_5_01_forloop.cpp">
      <Filter>Source Files</Filter>
    </ClCompile>
    <ClCompile Include="_5_02_num_test.cpp">
      <Filter>Source Files</Filter>
    </ClCompile>
    <ClCompile Include="_5_03_express.cpp">
      <Filter>Source Files</Filter>
    </ClCompile>
    <ClCompile Include="_5_04_formore.cpp">
      <Filter>Source Files</Filter>
    </ClCompile>
    <ClCompile Include="_5_05_bigstep.cpp">
      <Filter>Source Files</Filter>
    </ClCompile>
    <ClCompile Include="_5_06_forstr1.cpp">
      <Filter>Source Files</Filter>
    </ClCompile>
    <ClCompile Include="_5_07_plus_one.cpp">
      <Filter>Source Files</Filter>
    </ClCompile>
    <ClCompile Include="_5_08_block.cpp">
      <Filter>Source Files</Filter>
    </ClCompile>
    <ClCompile Include="_5_09_forstr2.cpp">
      <Filter>Source Files</Filter>
    </ClCompile>
    <ClCompile Include="_5_10_equal.cpp">
      <Filter>Source Files</Filter>
    </ClCompile>
    <ClCompile Include="_5_11_cmpstr1.cpp">
      <Filter>Source Files</Filter>
    </ClCompile>
    <ClCompile Include="_5_12_compstr2.cpp">
      <Filter>Source Files</Filter>
    </ClCompile>
    <ClCompile Include="_5_13_while.cpp">
      <Filter>Source Files</Filter>
    </ClCompile>
    <ClCompile Include="_5_14_waiting.cpp">
      <Filter>Source Files</Filter>
    </ClCompile>
    <ClCompile Include="_5_15_dowhile.cpp">
      <Filter>Source Files</Filter>
    </ClCompile>
    <ClCompile Include="_5_15_1_range_based_for.cpp">
      <Filter>Source Files</Filter>
    </ClCompile>
    <ClCompile Include="_5_16_textin1.cpp">
      <Filter>Source Files</Filter>
    </ClCompile>
    <ClCompile Include="_5_17_textin2.cpp">
      <Filter>Source Files</Filter>
    </ClCompile>
    <ClCompile Include="_5_18_textin3.cpp">
      <Filter>Source Files</Filter>
    </ClCompile>
    <ClCompile Include="_5_19_textin4.cpp">
      <Filter>Source Files</Filter>
    </ClCompile>
    <ClCompile Include="_5_20_nested.cpp">
      <Filter>Source Files</Filter>
    </ClCompile>
    <ClCompile Include="review.cpp">
      <Filter>Source Files</Filter>
    </ClCompile>
    <ClCompile Include="test01.cpp">
      <Filter>Source Files</Filter>
    </ClCompile>
    <ClCompile Include="test02.cpp">
      <Filter>Source Files</Filter>
    </ClCompile>
    <ClCompile Include="test03.cpp">
      <Filter>Source Files</Filter>
    </ClCompile>
    <ClCompile Include="test04.cpp">
      <Filter>Source Files</Filter>
    </ClCompile>
    <ClCompile Include="test05.cpp">
      <Filter>Source Files</Filter>
    </ClCompile>
    <ClCompile Include="test06.cpp">
      <Filter>Source Files</Filter>
    </ClCompile>
    <ClCompile Include="test07.cpp">
      <Filter>Source Files</Filter>
    </ClCompile>
    <ClCompile Include="test08.cpp">
      <Filter>Source Files</Filter>
    </ClCompile>
    <ClCompile Include="test09.cpp">
      <Filter>Source Files</Filter>
    </ClCompile>
    <ClCompile Include="test10.cpp">
      <Filter>Source Files</Filter>
    </ClCompile>
  </ItemGroup>
</Project>